hash: 833a6dc3d9b270a2d29149ed7c398827a5496e3ffe66409bd8421cc2b1778e03
updated: 2017-03-27T18:32:10.162790801+09:00
imports:
- name: github.com/fsnotify/fsnotify
  version: ff7bc41d4007f67e5456703c34342df4e0113f64
- name: github.com/hashicorp/hcl
  version: 630949a3c5fa3c613328e1b8256052cbc2327c9b
  subpackages:
  - hcl/ast
  - hcl/parser
  - hcl/scanner
  - hcl/strconv
  - hcl/token
  - json/parser
  - json/scanner
  - json/token
- name: github.com/inconshreveable/mousetrap
  version: 76626ae9c91c4f2a10f34cad8ce83ea42c93bb75
- name: github.com/magiconair/properties
  version: 51463bfca2576e06c62a8504b5c0f06d61312647
- name: github.com/mitchellh/mapstructure
  version: 53818660ed4955e899c0bcafa97299a388bd7c8e
- name: github.com/pelletier/go-buffruneio
  version: c37440a7cf42ac63b919c752ca73a85067e05992
- name: github.com/pelletier/go-toml
  version: f6e7596e8daafd44dc9e5c208dc73035020c8481
- name: github.com/spf13/afero
  version: 9be650865eab0c12963d8753212f4f9c66cdcf12
  subpackages:
  - mem
- name: github.com/spf13/cast
  version: ce135a4ebeee6cfe9a26c93ee0d37825f26113c7
- name: github.com/spf13/cobra
  version: 7be4beda01ec05d0b93d80b3facd2b6f44080d94
- name: github.com/spf13/jwalterweatherman
  version: fa7ca7e836cf3a8bb4ebf799f472c12d7e903d66
- name: github.com/spf13/pflag
  version: d90f37a48761fe767528f31db1955e4f795d652f
- name: github.com/spf13/viper
  version: 84f94806c67f59dd7ae87bc5351f7a9c94a4558d
- name: github.com/yukimemi/core
  version: b04fe0ed0fc1467d1c157712c2ef0befb075fb6a
- name: github.com/yukimemi/file
  version: 4ee67f5845c064c31984662e5e997fb6f61148b7
- name: golang.org/x/sys
  version: afadfcc7779c1f4db0f6f6438afcb108d9c9c7cd
  subpackages:
  - unix
- name: golang.org/x/text
  version: fc7fa097411d30e6708badff276c4c164425590c
  subpackages:
  - encoding
  - encoding/internal
  - encoding/internal/identifier
  - encoding/japanese
  - transform
  - unicode/norm
- name: gopkg.in/yaml.v2
  version: a3f3340b5840cee44f372bddb5880fcbc419b46a
testImports: []
